// !$*UTF8*$!
{
	archiveVersion = 1;
	classes = {
	};
	objectVersion = 46;
	objects = {

/* Begin PBXBuildFile section */
		B632E1071AC83AB20075BD92 /* main.m in Sources */ = {isa = PBXBuildFile; fileRef = B632E1061AC83AB20075BD92 /* main.m */; };
		B632E10A1AC83AB20075BD92 /* AppDelegate.m in Sources */ = {isa = PBXBuildFile; fileRef = B632E1091AC83AB20075BD92 /* AppDelegate.m */; };
		B632E10D1AC83AB20075BD92 /* ViewController.m in Sources */ = {isa = PBXBuildFile; fileRef = B632E10C1AC83AB20075BD92 /* ViewController.m */; };
		B632E1101AC83AB20075BD92 /* Main.storyboard in Resources */ = {isa = PBXBuildFile; fileRef = B632E10E1AC83AB20075BD92 /* Main.storyboard */; };
		B632E1121AC83AB20075BD92 /* Images.xcassets in Resources */ = {isa = PBXBuildFile; fileRef = B632E1111AC83AB20075BD92 /* Images.xcassets */; };
		B632E1211AC83AB20075BD92 /* PastePcituresTests.m in Sources */ = {isa = PBXBuildFile; fileRef = B632E1201AC83AB20075BD92 /* PastePcituresTests.m */; };
		B632E1321AC83D530075BD92 /* VCPictures.m in Sources */ = {isa = PBXBuildFile; fileRef = B632E1301AC83D530075BD92 /* VCPictures.m */; };
		B632E1331AC83D530075BD92 /* VCPictures.xib in Resources */ = {isa = PBXBuildFile; fileRef = B632E1311AC83D530075BD92 /* VCPictures.xib */; };
		B632E1371AC83D7A0075BD92 /* VCSelected.m in Sources */ = {isa = PBXBuildFile; fileRef = B632E1351AC83D7A0075BD92 /* VCSelected.m */; };
		B6B23C7A1ACFFD6000E26A0D /* Chinese2English.plist in Resources */ = {isa = PBXBuildFile; fileRef = B6B23C791ACFFD6000E26A0D /* Chinese2English.plist */; };
		B6B23C871AD068DA00E26A0D /* PicMetaData.plist in Resources */ = {isa = PBXBuildFile; fileRef = B6B23C861AD068DA00E26A0D /* PicMetaData.plist */; };
		B6B4B7E71ACDDABF003A8E25 /* icon.png in Resources */ = {isa = PBXBuildFile; fileRef = B6B4B7E61ACDDABF003A8E25 /* icon.png */; };
		B6B4B7F21ACDEB3C003A8E25 /* jingzhou_beidamen1.jpg in Resources */ = {isa = PBXBuildFile; fileRef = B6B4B7E91ACDEB3C003A8E25 /* jingzhou_beidamen1.jpg */; };
		B6B4B7F31ACDEB3C003A8E25 /* jingzhou_beidamen2.jpg in Resources */ = {isa = PBXBuildFile; fileRef = B6B4B7EA1ACDEB3C003A8E25 /* jingzhou_beidamen2.jpg */; };
		B6B4B7F41ACDEB3C003A8E25 /* jingzhou_beidamen3.jpg in Resources */ = {isa = PBXBuildFile; fileRef = B6B4B7EB1ACDEB3C003A8E25 /* jingzhou_beidamen3.jpg */; };
		B6B4B7F51ACDEB3C003A8E25 /* jingzhou_beidamen4.jpg in Resources */ = {isa = PBXBuildFile; fileRef = B6B4B7EC1ACDEB3C003A8E25 /* jingzhou_beidamen4.jpg */; };
		B6B4B7F61ACDEB3C003A8E25 /* jingzhou_beidamen5.jpg in Resources */ = {isa = PBXBuildFile; fileRef = B6B4B7ED1ACDEB3C003A8E25 /* jingzhou_beidamen5.jpg */; };
		B6B4B7F71ACDEB3C003A8E25 /* jingzhou_beidamen6.jpg in Resources */ = {isa = PBXBuildFile; fileRef = B6B4B7EE1ACDEB3C003A8E25 /* jingzhou_beidamen6.jpg */; };
		B6B4B7F81ACDEB3C003A8E25 /* jingzhou_beidamen7.jpg in Resources */ = {isa = PBXBuildFile; fileRef = B6B4B7EF1ACDEB3C003A8E25 /* jingzhou_beidamen7.jpg */; };
		B6B4B7F91ACDEB3C003A8E25 /* jingzhou_beidamen8.jpg in Resources */ = {isa = PBXBuildFile; fileRef = B6B4B7F01ACDEB3C003A8E25 /* jingzhou_beidamen8.jpg */; };
		B6B4B7FA1ACDEB3C003A8E25 /* jingzhou_beidamen9.jpg in Resources */ = {isa = PBXBuildFile; fileRef = B6B4B7F11ACDEB3C003A8E25 /* jingzhou_beidamen9.jpg */; };
		B6B4B7FD1ACDEB58003A8E25 /* jingzhou_kaiyuanguan1.jpg in Resources */ = {isa = PBXBuildFile; fileRef = B6B4B7FC1ACDEB58003A8E25 /* jingzhou_kaiyuanguan1.jpg */; };
		B6B4B8001ACDEB80003A8E25 /* jingzhou_shangchang1.jpg in Resources */ = {isa = PBXBuildFile; fileRef = B6B4B7FF1ACDEB80003A8E25 /* jingzhou_shangchang1.jpg */; };
		B6B4B8031ACDEB9E003A8E25 /* jingzhou_xuanmiaoguan1.jpg in Resources */ = {isa = PBXBuildFile; fileRef = B6B4B8021ACDEB9E003A8E25 /* jingzhou_xuanmiaoguan1.jpg */; };
		B6B4B8071ACDEBF0003A8E25 /* shashi_bianhe1.jpg in Resources */ = {isa = PBXBuildFile; fileRef = B6B4B8041ACDEBF0003A8E25 /* shashi_bianhe1.jpg */; };
		B6B4B8081ACDEBF0003A8E25 /* shashi_bianhe2.jpg in Resources */ = {isa = PBXBuildFile; fileRef = B6B4B8051ACDEBF0003A8E25 /* shashi_bianhe2.jpg */; };
		B6B4B8091ACDEBF0003A8E25 /* shashi_bianhe3.jpg in Resources */ = {isa = PBXBuildFile; fileRef = B6B4B8061ACDEBF0003A8E25 /* shashi_bianhe3.jpg */; };
		B6B4B80D1ACDEC04003A8E25 /* shashi_gongyuan1.jpg in Resources */ = {isa = PBXBuildFile; fileRef = B6B4B80A1ACDEC04003A8E25 /* shashi_gongyuan1.jpg */; };
		B6B4B80E1ACDEC04003A8E25 /* shashi_gongyuan2.jpg in Resources */ = {isa = PBXBuildFile; fileRef = B6B4B80B1ACDEC04003A8E25 /* shashi_gongyuan2.jpg */; };
		B6B4B80F1ACDEC04003A8E25 /* shashi_gongyuan3.jpg in Resources */ = {isa = PBXBuildFile; fileRef = B6B4B80C1ACDEC04003A8E25 /* shashi_gongyuan3.jpg */; };
		B6B4B8121ACDEC44003A8E25 /* shashi_jiangbian1.jpg in Resources */ = {isa = PBXBuildFile; fileRef = B6B4B8101ACDEC44003A8E25 /* shashi_jiangbian1.jpg */; };
		B6B4B8131ACDEC44003A8E25 /* shashi_jiangbian2.jpg in Resources */ = {isa = PBXBuildFile; fileRef = B6B4B8111ACDEC44003A8E25 /* shashi_jiangbian2.jpg */; };
		B6B4B81D1ACDEC9A003A8E25 /* shashi_jiexiang1.jpg in Resources */ = {isa = PBXBuildFile; fileRef = B6B4B8141ACDEC9A003A8E25 /* shashi_jiexiang1.jpg */; };
		B6B4B81E1ACDEC9A003A8E25 /* shashi_jiexiang2.jpg in Resources */ = {isa = PBXBuildFile; fileRef = B6B4B8151ACDEC9A003A8E25 /* shashi_jiexiang2.jpg */; };
		B6B4B81F1ACDEC9A003A8E25 /* shashi_jiexiang3.jpg in Resources */ = {isa = PBXBuildFile; fileRef = B6B4B8161ACDEC9A003A8E25 /* shashi_jiexiang3.jpg */; };
		B6B4B8201ACDEC9A003A8E25 /* shashi_jiexiang4.jpg in Resources */ = {isa = PBXBuildFile; fileRef = B6B4B8171ACDEC9A003A8E25 /* shashi_jiexiang4.jpg */; };
		B6B4B8211ACDEC9A003A8E25 /* shashi_jiexiang5.jpg in Resources */ = {isa = PBXBuildFile; fileRef = B6B4B8181ACDEC9A003A8E25 /* shashi_jiexiang5.jpg */; };
		B6B4B8221ACDEC9A003A8E25 /* shashi_jiexiang6.jpg in Resources */ = {isa = PBXBuildFile; fileRef = B6B4B8191ACDEC9A003A8E25 /* shashi_jiexiang6.jpg */; };
		B6B4B8231ACDEC9A003A8E25 /* shashi_jiexiang7.jpg in Resources */ = {isa = PBXBuildFile; fileRef = B6B4B81A1ACDEC9A003A8E25 /* shashi_jiexiang7.jpg */; };
		B6B4B8241ACDEC9A003A8E25 /* shashi_jiexiang8.jpg in Resources */ = {isa = PBXBuildFile; fileRef = B6B4B81B1ACDEC9A003A8E25 /* shashi_jiexiang8.jpg */; };
		B6B4B8251ACDEC9A003A8E25 /* shashi_jiexiang9.jpg in Resources */ = {isa = PBXBuildFile; fileRef = B6B4B81C1ACDEC9A003A8E25 /* shashi_jiexiang9.jpg */; };
		B6B4B8281ACDECAD003A8E25 /* shashi_niaokan1.jpg in Resources */ = {isa = PBXBuildFile; fileRef = B6B4B8261ACDECAD003A8E25 /* shashi_niaokan1.jpg */; };
		B6B4B8291ACDECAD003A8E25 /* shashi_niaokan2.jpg in Resources */ = {isa = PBXBuildFile; fileRef = B6B4B8271ACDECAD003A8E25 /* shashi_niaokan2.jpg */; };
		B6B4B82B1ACDECCA003A8E25 /* shashi_xuexiao1.jpg in Resources */ = {isa = PBXBuildFile; fileRef = B6B4B82A1ACDECCA003A8E25 /* shashi_xuexiao1.jpg */; };
		B6B4B8331ACDECF3003A8E25 /* shashi_shangshe1.jpg in Resources */ = {isa = PBXBuildFile; fileRef = B6B4B82C1ACDECF3003A8E25 /* shashi_shangshe1.jpg */; };
		B6B4B8341ACDECF3003A8E25 /* shashi_shangshe2.jpg in Resources */ = {isa = PBXBuildFile; fileRef = B6B4B82D1ACDECF3003A8E25 /* shashi_shangshe2.jpg */; };
		B6B4B8351ACDECF3003A8E25 /* shashi_shangshe3.jpg in Resources */ = {isa = PBXBuildFile; fileRef = B6B4B82E1ACDECF3003A8E25 /* shashi_shangshe3.jpg */; };
		B6B4B8361ACDECF3003A8E25 /* shashi_shangshe4.jpg in Resources */ = {isa = PBXBuildFile; fileRef = B6B4B82F1ACDECF3003A8E25 /* shashi_shangshe4.jpg */; };
		B6B4B8371ACDECF3003A8E25 /* shashi_shangshe5.jpg in Resources */ = {isa = PBXBuildFile; fileRef = B6B4B8301ACDECF3003A8E25 /* shashi_shangshe5.jpg */; };
		B6B4B8381ACDECF3003A8E25 /* shashi_shangshe6.jpg in Resources */ = {isa = PBXBuildFile; fileRef = B6B4B8311ACDECF3003A8E25 /* shashi_shangshe6.jpg */; };
		B6B4B8391ACDECF3003A8E25 /* shashi_shangshe7.jpg in Resources */ = {isa = PBXBuildFile; fileRef = B6B4B8321ACDECF3003A8E25 /* shashi_shangshe7.jpg */; };
		B6B4B83B1ACDF351003A8E25 /* icon_btn_rtn.png in Resources */ = {isa = PBXBuildFile; fileRef = B6B4B83A1ACDF351003A8E25 /* icon_btn_rtn.png */; };
		B6B4B83E1ACE0154003A8E25 /* ViewScrollImage.m in Sources */ = {isa = PBXBuildFile; fileRef = B6B4B83D1ACE0154003A8E25 /* ViewScrollImage.m */; };
		B6B800B21AC9FA15007E99B0 /* shashi_yundong1.jpg in Resources */ = {isa = PBXBuildFile; fileRef = B6B800A21AC9FA15007E99B0 /* shashi_yundong1.jpg */; };
		B6C162421AD0D5AC00768FB8 /* icon-120.png in Resources */ = {isa = PBXBuildFile; fileRef = B6C162411AD0D5AC00768FB8 /* icon-120.png */; };
		B6C54A891ACC918F00208D3D /* ViewInfo.m in Sources */ = {isa = PBXBuildFile; fileRef = B6C54A881ACC918F00208D3D /* ViewInfo.m */; };
		B6C7C0D31AD3FFB700E69AC8 /* lscr.xib in Resources */ = {isa = PBXBuildFile; fileRef = B6C7C0D21AD3FFB700E69AC8 /* lscr.xib */; };
		B6DF47A31AC853F000ECD60E /* CDataReader.m in Sources */ = {isa = PBXBuildFile; fileRef = B6DF47A21AC853F000ECD60E /* CDataReader.m */; };
		B6DF47A51AC8946000ECD60E /* VCSelected.xib in Resources */ = {isa = PBXBuildFile; fileRef = B6DF47A41AC8946000ECD60E /* VCSelected.xib */; };
		B6DF47A71AC89E4B00ECD60E /* Dis2Sce2Pic.plist in Resources */ = {isa = PBXBuildFile; fileRef = B6DF47A61AC89E4B00ECD60E /* Dis2Sce2Pic.plist */; };
		B6DF47AD1AC8BCAE00ECD60E /* FeBasicAnimationBlock.m in Sources */ = {isa = PBXBuildFile; fileRef = B6DF47AC1AC8BCAE00ECD60E /* FeBasicAnimationBlock.m */; };
		B6DF47B11AC8BEFE00ECD60E /* FeRippleButton.m in Sources */ = {isa = PBXBuildFile; fileRef = B6DF47B01AC8BEFE00ECD60E /* FeRippleButton.m */; };
		B6DF47B41AC8C32400ECD60E /* UIKit.framework in Frameworks */ = {isa = PBXBuildFile; fileRef = B6DF47B31AC8C32400ECD60E /* UIKit.framework */; };
		B6DF47B61AC8C34300ECD60E /* Foundation.framework in Frameworks */ = {isa = PBXBuildFile; fileRef = B6DF47B51AC8C34300ECD60E /* Foundation.framework */; };
		B6DF47B81AC8C35000ECD60E /* CoreGraphics.framework in Frameworks */ = {isa = PBXBuildFile; fileRef = B6DF47B71AC8C35000ECD60E /* CoreGraphics.framework */; };
		B6DF47BA1AC8C3B500ECD60E /* QuartzCore.framework in Frameworks */ = {isa = PBXBuildFile; fileRef = B6DF47B91AC8C3B500ECD60E /* QuartzCore.framework */; };
/* End PBXBuildFile section */

/* Begin PBXContainerItemProxy section */
		B632E11B1AC83AB20075BD92 /* PBXContainerItemProxy */ = {
			isa = PBXContainerItemProxy;
			containerPortal = B632E0F91AC83AB20075BD92 /* Project object */;
			proxyType = 1;
			remoteGlobalIDString = B632E1001AC83AB20075BD92;
			remoteInfo = PastePcitures;
		};
/* End PBXContainerItemProxy section */

/* Begin PBXFileReference section */
		B632E1011AC83AB20075BD92 /* PastePcitures.app */ = {isa = PBXFileReference; explicitFileType = wrapper.application; includeInIndex = 0; path = PastePcitures.app; sourceTree = BUILT_PRODUCTS_DIR; };
		B632E1051AC83AB20075BD92 /* Info.plist */ = {isa = PBXFileReference; lastKnownFileType = text.plist.xml; path = Info.plist; sourceTree = "<group>"; };
		B632E1061AC83AB20075BD92 /* main.m */ = {isa = PBXFileReference; lastKnownFileType = sourcecode.c.objc; path = main.m; sourceTree = "<group>"; };
		B632E1081AC83AB20075BD92 /* AppDelegate.h */ = {isa = PBXFileReference; lastKnownFileType = sourcecode.c.h; path = AppDelegate.h; sourceTree = "<group>"; };
		B632E1091AC83AB20075BD92 /* AppDelegate.m */ = {isa = PBXFileReference; lastKnownFileType = sourcecode.c.objc; path = AppDelegate.m; sourceTree = "<group>"; };
		B632E10B1AC83AB20075BD92 /* ViewController.h */ = {isa = PBXFileReference; lastKnownFileType = sourcecode.c.h; path = ViewController.h; sourceTree = "<group>"; };
		B632E10C1AC83AB20075BD92 /* ViewController.m */ = {isa = PBXFileReference; lastKnownFileType = sourcecode.c.objc; path = ViewController.m; sourceTree = "<group>"; };
		B632E10F1AC83AB20075BD92 /* Base */ = {isa = PBXFileReference; lastKnownFileType = file.storyboard; name = Base; path = Base.lproj/Main.storyboard; sourceTree = "<group>"; };
		B632E1111AC83AB20075BD92 /* Images.xcassets */ = {isa = PBXFileReference; lastKnownFileType = folder.assetcatalog; path = Images.xcassets; sourceTree = "<group>"; };
		B632E11A1AC83AB20075BD92 /* PastePcituresTests.xctest */ = {isa = PBXFileReference; explicitFileType = wrapper.cfbundle; includeInIndex = 0; path = PastePcituresTests.xctest; sourceTree = BUILT_PRODUCTS_DIR; };
		B632E11F1AC83AB20075BD92 /* Info.plist */ = {isa = PBXFileReference; lastKnownFileType = text.plist.xml; path = Info.plist; sourceTree = "<group>"; };
		B632E1201AC83AB20075BD92 /* PastePcituresTests.m */ = {isa = PBXFileReference; lastKnownFileType = sourcecode.c.objc; path = PastePcituresTests.m; sourceTree = "<group>"; };
		B632E12F1AC83D530075BD92 /* VCPictures.h */ = {isa = PBXFileReference; fileEncoding = 4; lastKnownFileType = sourcecode.c.h; path = VCPictures.h; sourceTree = "<group>"; };
		B632E1301AC83D530075BD92 /* VCPictures.m */ = {isa = PBXFileReference; fileEncoding = 4; lastKnownFileType = sourcecode.c.objc; path = VCPictures.m; sourceTree = "<group>"; };
		B632E1311AC83D530075BD92 /* VCPictures.xib */ = {isa = PBXFileReference; fileEncoding = 4; lastKnownFileType = file.xib; path = VCPictures.xib; sourceTree = "<group>"; };
		B632E1341AC83D7A0075BD92 /* VCSelected.h */ = {isa = PBXFileReference; fileEncoding = 4; lastKnownFileType = sourcecode.c.h; path = VCSelected.h; sourceTree = "<group>"; };
		B632E1351AC83D7A0075BD92 /* VCSelected.m */ = {isa = PBXFileReference; fileEncoding = 4; lastKnownFileType = sourcecode.c.objc; path = VCSelected.m; sourceTree = "<group>"; };
		B6B23C791ACFFD6000E26A0D /* Chinese2English.plist */ = {isa = PBXFileReference; fileEncoding = 4; lastKnownFileType = text.plist.xml; path = Chinese2English.plist; sourceTree = "<group>"; };
		B6B23C861AD068DA00E26A0D /* PicMetaData.plist */ = {isa = PBXFileReference; fileEncoding = 4; lastKnownFileType = text.plist.xml; path = PicMetaData.plist; sourceTree = "<group>"; };
		B6B4B7E61ACDDABF003A8E25 /* icon.png */ = {isa = PBXFileReference; lastKnownFileType = image.png; name = icon.png; path = ../icon.png; sourceTree = "<group>"; };
		B6B4B7E91ACDEB3C003A8E25 /* jingzhou_beidamen1.jpg */ = {isa = PBXFileReference; lastKnownFileType = image.jpeg; path = jingzhou_beidamen1.jpg; sourceTree = "<group>"; };
		B6B4B7EA1ACDEB3C003A8E25 /* jingzhou_beidamen2.jpg */ = {isa = PBXFileReference; lastKnownFileType = image.jpeg; path = jingzhou_beidamen2.jpg; sourceTree = "<group>"; };
		B6B4B7EB1ACDEB3C003A8E25 /* jingzhou_beidamen3.jpg */ = {isa = PBXFileReference; lastKnownFileType = image.jpeg; path = jingzhou_beidamen3.jpg; sourceTree = "<group>"; };
		B6B4B7EC1ACDEB3C003A8E25 /* jingzhou_beidamen4.jpg */ = {isa = PBXFileReference; lastKnownFileType = image.jpeg; path = jingzhou_beidamen4.jpg; sourceTree = "<group>"; };
		B6B4B7ED1ACDEB3C003A8E25 /* jingzhou_beidamen5.jpg */ = {isa = PBXFileReference; lastKnownFileType = image.jpeg; path = jingzhou_beidamen5.jpg; sourceTree = "<group>"; };
		B6B4B7EE1ACDEB3C003A8E25 /* jingzhou_beidamen6.jpg */ = {isa = PBXFileReference; lastKnownFileType = image.jpeg; path = jingzhou_beidamen6.jpg; sourceTree = "<group>"; };
		B6B4B7EF1ACDEB3C003A8E25 /* jingzhou_beidamen7.jpg */ = {isa = PBXFileReference; lastKnownFileType = image.jpeg; path = jingzhou_beidamen7.jpg; sourceTree = "<group>"; };
		B6B4B7F01ACDEB3C003A8E25 /* jingzhou_beidamen8.jpg */ = {isa = PBXFileReference; lastKnownFileType = image.jpeg; path = jingzhou_beidamen8.jpg; sourceTree = "<group>"; };
		B6B4B7F11ACDEB3C003A8E25 /* jingzhou_beidamen9.jpg */ = {isa = PBXFileReference; lastKnownFileType = image.jpeg; path = jingzhou_beidamen9.jpg; sourceTree = "<group>"; };
		B6B4B7FC1ACDEB58003A8E25 /* jingzhou_kaiyuanguan1.jpg */ = {isa = PBXFileReference; lastKnownFileType = image.jpeg; path = jingzhou_kaiyuanguan1.jpg; sourceTree = "<group>"; };
		B6B4B7FF1ACDEB80003A8E25 /* jingzhou_shangchang1.jpg */ = {isa = PBXFileReference; lastKnownFileType = image.jpeg; path = jingzhou_shangchang1.jpg; sourceTree = "<group>"; };
		B6B4B8021ACDEB9E003A8E25 /* jingzhou_xuanmiaoguan1.jpg */ = {isa = PBXFileReference; lastKnownFileType = image.jpeg; path = jingzhou_xuanmiaoguan1.jpg; sourceTree = "<group>"; };
		B6B4B8041ACDEBF0003A8E25 /* shashi_bianhe1.jpg */ = {isa = PBXFileReference; lastKnownFileType = image.jpeg; path = shashi_bianhe1.jpg; sourceTree = "<group>"; };
		B6B4B8051ACDEBF0003A8E25 /* shashi_bianhe2.jpg */ = {isa = PBXFileReference; lastKnownFileType = image.jpeg; path = shashi_bianhe2.jpg; sourceTree = "<group>"; };
		B6B4B8061ACDEBF0003A8E25 /* shashi_bianhe3.jpg */ = {isa = PBXFileReference; lastKnownFileType = image.jpeg; path = shashi_bianhe3.jpg; sourceTree = "<group>"; };
		B6B4B80A1ACDEC04003A8E25 /* shashi_gongyuan1.jpg */ = {isa = PBXFileReference; lastKnownFileType = image.jpeg; path = shashi_gongyuan1.jpg; sourceTree = "<group>"; };
		B6B4B80B1ACDEC04003A8E25 /* shashi_gongyuan2.jpg */ = {isa = PBXFileReference; lastKnownFileType = image.jpeg; path = shashi_gongyuan2.jpg; sourceTree = "<group>"; };
		B6B4B80C1ACDEC04003A8E25 /* shashi_gongyuan3.jpg */ = {isa = PBXFileReference; lastKnownFileType = image.jpeg; path = shashi_gongyuan3.jpg; sourceTree = "<group>"; };
		B6B4B8101ACDEC44003A8E25 /* shashi_jiangbian1.jpg */ = {isa = PBXFileReference; lastKnownFileType = image.jpeg; path = shashi_jiangbian1.jpg; sourceTree = "<group>"; };
		B6B4B8111ACDEC44003A8E25 /* shashi_jiangbian2.jpg */ = {isa = PBXFileReference; lastKnownFileType = image.jpeg; path = shashi_jiangbian2.jpg; sourceTree = "<group>"; };
		B6B4B8141ACDEC9A003A8E25 /* shashi_jiexiang1.jpg */ = {isa = PBXFileReference; lastKnownFileType = image.jpeg; path = shashi_jiexiang1.jpg; sourceTree = "<group>"; };
		B6B4B8151ACDEC9A003A8E25 /* shashi_jiexiang2.jpg */ = {isa = PBXFileReference; lastKnownFileType = image.jpeg; path = shashi_jiexiang2.jpg; sourceTree = "<group>"; };
		B6B4B8161ACDEC9A003A8E25 /* shashi_jiexiang3.jpg */ = {isa = PBXFileReference; lastKnownFileType = image.jpeg; path = shashi_jiexiang3.jpg; sourceTree = "<group>"; };
		B6B4B8171ACDEC9A003A8E25 /* shashi_jiexiang4.jpg */ = {isa = PBXFileReference; lastKnownFileType = image.jpeg; path = shashi_jiexiang4.jpg; sourceTree = "<group>"; };
		B6B4B8181ACDEC9A003A8E25 /* shashi_jiexiang5.jpg */ = {isa = PBXFileReference; lastKnownFileType = image.jpeg; path = shashi_jiexiang5.jpg; sourceTree = "<group>"; };
		B6B4B8191ACDEC9A003A8E25 /* shashi_jiexiang6.jpg */ = {isa = PBXFileReference; lastKnownFileType = image.jpeg; path = shashi_jiexiang6.jpg; sourceTree = "<group>"; };
		B6B4B81A1ACDEC9A003A8E25 /* shashi_jiexiang7.jpg */ = {isa = PBXFileReference; lastKnownFileType = image.jpeg; path = shashi_jiexiang7.jpg; sourceTree = "<group>"; };
		B6B4B81B1ACDEC9A003A8E25 /* shashi_jiexiang8.jpg */ = {isa = PBXFileReference; lastKnownFileType = image.jpeg; path = shashi_jiexiang8.jpg; sourceTree = "<group>"; };
		B6B4B81C1ACDEC9A003A8E25 /* shashi_jiexiang9.jpg */ = {isa = PBXFileReference; lastKnownFileType = image.jpeg; path = shashi_jiexiang9.jpg; sourceTree = "<group>"; };
		B6B4B8261ACDECAD003A8E25 /* shashi_niaokan1.jpg */ = {isa = PBXFileReference; lastKnownFileType = image.jpeg; path = shashi_niaokan1.jpg; sourceTree = "<group>"; };
		B6B4B8271ACDECAD003A8E25 /* shashi_niaokan2.jpg */ = {isa = PBXFileReference; lastKnownFileType = image.jpeg; path = shashi_niaokan2.jpg; sourceTree = "<group>"; };
		B6B4B82A1ACDECCA003A8E25 /* shashi_xuexiao1.jpg */ = {isa = PBXFileReference; lastKnownFileType = image.jpeg; path = shashi_xuexiao1.jpg; sourceTree = "<group>"; };
		B6B4B82C1ACDECF3003A8E25 /* shashi_shangshe1.jpg */ = {isa = PBXFileReference; lastKnownFileType = image.jpeg; path = shashi_shangshe1.jpg; sourceTree = "<group>"; };
		B6B4B82D1ACDECF3003A8E25 /* shashi_shangshe2.jpg */ = {isa = PBXFileReference; lastKnownFileType = image.jpeg; path = shashi_shangshe2.jpg; sourceTree = "<group>"; };
		B6B4B82E1ACDECF3003A8E25 /* shashi_shangshe3.jpg */ = {isa = PBXFileReference; lastKnownFileType = image.jpeg; path = shashi_shangshe3.jpg; sourceTree = "<group>"; };
		B6B4B82F1ACDECF3003A8E25 /* shashi_shangshe4.jpg */ = {isa = PBXFileReference; lastKnownFileType = image.jpeg; path = shashi_shangshe4.jpg; sourceTree = "<group>"; };
		B6B4B8301ACDECF3003A8E25 /* shashi_shangshe5.jpg */ = {isa = PBXFileReference; lastKnownFileType = image.jpeg; path = shashi_shangshe5.jpg; sourceTree = "<group>"; };
		B6B4B8311ACDECF3003A8E25 /* shashi_shangshe6.jpg */ = {isa = PBXFileReference; lastKnownFileType = image.jpeg; path = shashi_shangshe6.jpg; sourceTree = "<group>"; };
		B6B4B8321ACDECF3003A8E25 /* shashi_shangshe7.jpg */ = {isa = PBXFileReference; lastKnownFileType = image.jpeg; path = shashi_shangshe7.jpg; sourceTree = "<group>"; };
		B6B4B83A1ACDF351003A8E25 /* icon_btn_rtn.png */ = {isa = PBXFileReference; lastKnownFileType = image.png; name = icon_btn_rtn.png; path = ../icon_btn_rtn.png; sourceTree = "<group>"; };
		B6B4B83C1ACE0154003A8E25 /* ViewScrollImage.h */ = {isa = PBXFileReference; fileEncoding = 4; lastKnownFileType = sourcecode.c.h; path = ViewScrollImage.h; sourceTree = "<group>"; };
		B6B4B83D1ACE0154003A8E25 /* ViewScrollImage.m */ = {isa = PBXFileReference; fileEncoding = 4; lastKnownFileType = sourcecode.c.objc; path = ViewScrollImage.m; sourceTree = "<group>"; };
		B6B800A21AC9FA15007E99B0 /* shashi_yundong1.jpg */ = {isa = PBXFileReference; lastKnownFileType = image.jpeg; path = shashi_yundong1.jpg; sourceTree = "<group>"; };
		B6C162411AD0D5AC00768FB8 /* icon-120.png */ = {isa = PBXFileReference; lastKnownFileType = image.png; path = "icon-120.png"; sourceTree = "<group>"; };
		B6C54A871ACC918F00208D3D /* ViewInfo.h */ = {isa = PBXFileReference; fileEncoding = 4; lastKnownFileType = sourcecode.c.h; path = ViewInfo.h; sourceTree = "<group>"; };
		B6C54A881ACC918F00208D3D /* ViewInfo.m */ = {isa = PBXFileReference; fileEncoding = 4; lastKnownFileType = sourcecode.c.objc; path = ViewInfo.m; sourceTree = "<group>"; };
		B6C54A8A1ACCB19600208D3D /* HPublic.h */ = {isa = PBXFileReference; lastKnownFileType = sourcecode.c.h; name = HPublic.h; path = ../HPublic.h; sourceTree = "<group>"; };
		B6C7C0D21AD3FFB700E69AC8 /* lscr.xib */ = {isa = PBXFileReference; fileEncoding = 4; lastKnownFileType = file.xib; path = lscr.xib; sourceTree = "<group>"; };
		B6DF47A11AC853F000ECD60E /* CDataReader.h */ = {isa = PBXFileReference; fileEncoding = 4; lastKnownFileType = sourcecode.c.h; path = CDataReader.h; sourceTree = "<group>"; };
		B6DF47A21AC853F000ECD60E /* CDataReader.m */ = {isa = PBXFileReference; fileEncoding = 4; lastKnownFileType = sourcecode.c.objc; path = CDataReader.m; sourceTree = "<group>"; };
		B6DF47A41AC8946000ECD60E /* VCSelected.xib */ = {isa = PBXFileReference; fileEncoding = 4; lastKnownFileType = file.xib; path = VCSelected.xib; sourceTree = "<group>"; };
		B6DF47A61AC89E4B00ECD60E /* Dis2Sce2Pic.plist */ = {isa = PBXFileReference; fileEncoding = 4; lastKnownFileType = text.plist.xml; path = Dis2Sce2Pic.plist; sourceTree = "<group>"; };
		B6DF47AB1AC8BCAE00ECD60E /* FeBasicAnimationBlock.h */ = {isa = PBXFileReference; fileEncoding = 4; lastKnownFileType = sourcecode.c.h; path = FeBasicAnimationBlock.h; sourceTree = "<group>"; };
		B6DF47AC1AC8BCAE00ECD60E /* FeBasicAnimationBlock.m */ = {isa = PBXFileReference; fileEncoding = 4; lastKnownFileType = sourcecode.c.objc; path = FeBasicAnimationBlock.m; sourceTree = "<group>"; };
		B6DF47AF1AC8BEFE00ECD60E /* FeRippleButton.h */ = {isa = PBXFileReference; fileEncoding = 4; lastKnownFileType = sourcecode.c.h; path = FeRippleButton.h; sourceTree = "<group>"; };
		B6DF47B01AC8BEFE00ECD60E /* FeRippleButton.m */ = {isa = PBXFileReference; fileEncoding = 4; lastKnownFileType = sourcecode.c.objc; path = FeRippleButton.m; sourceTree = "<group>"; };
		B6DF47B31AC8C32400ECD60E /* UIKit.framework */ = {isa = PBXFileReference; lastKnownFileType = wrapper.framework; name = UIKit.framework; path = System/Library/Frameworks/UIKit.framework; sourceTree = SDKROOT; };
		B6DF47B51AC8C34300ECD60E /* Foundation.framework */ = {isa = PBXFileReference; lastKnownFileType = wrapper.framework; name = Foundation.framework; path = System/Library/Frameworks/Foundation.framework; sourceTree = SDKROOT; };
		B6DF47B71AC8C35000ECD60E /* CoreGraphics.framework */ = {isa = PBXFileReference; lastKnownFileType = wrapper.framework; name = CoreGraphics.framework; path = System/Library/Frameworks/CoreGraphics.framework; sourceTree = SDKROOT; };
		B6DF47B91AC8C3B500ECD60E /* QuartzCore.framework */ = {isa = PBXFileReference; lastKnownFileType = wrapper.framework; name = QuartzCore.framework; path = System/Library/Frameworks/QuartzCore.framework; sourceTree = SDKROOT; };
/* End PBXFileReference section */

/* Begin PBXFrameworksBuildPhase section */
		B632E0FE1AC83AB20075BD92 /* Frameworks */ = {
			isa = PBXFrameworksBuildPhase;
			buildActionMask = 2147483647;
			files = (
				B6DF47BA1AC8C3B500ECD60E /* QuartzCore.framework in Frameworks */,
				B6DF47B81AC8C35000ECD60E /* CoreGraphics.framework in Frameworks */,
				B6DF47B61AC8C34300ECD60E /* Foundation.framework in Frameworks */,
				B6DF47B41AC8C32400ECD60E /* UIKit.framework in Frameworks */,
			);
			runOnlyForDeploymentPostprocessing = 0;
		};
		B632E1171AC83AB20075BD92 /* Frameworks */ = {
			isa = PBXFrameworksBuildPhase;
			buildActionMask = 2147483647;
			files = (
			);
			runOnlyForDeploymentPostprocessing = 0;
		};
/* End PBXFrameworksBuildPhase section */

/* Begin PBXGroup section */
		B60023DF1ACB719C003E1165 /* DataPersist */ = {
			isa = PBXGroup;
			children = (
				B6B23C791ACFFD6000E26A0D /* Chinese2English.plist */,
				B6DF47A61AC89E4B00ECD60E /* Dis2Sce2Pic.plist */,
				B6DF47A11AC853F000ECD60E /* CDataReader.h */,
				B6DF47A21AC853F000ECD60E /* CDataReader.m */,
				B6B23C861AD068DA00E26A0D /* PicMetaData.plist */,
			);
			name = DataPersist;
			sourceTree = "<group>";
		};
		B60023E01ACB733D003E1165 /* shashi */ = {
			isa = PBXGroup;
			children = (
				B6B8008C1AC9FA15007E99B0 /* bianhe */,
				B6B800901AC9FA15007E99B0 /* gongyuan */,
				B6B800931AC9FA15007E99B0 /* jiangbian */,
				B6B800961AC9FA15007E99B0 /* jiexiang */,
				B6B8009C1AC9FA15007E99B0 /* niaokan */,
				B6B8009E1AC9FA15007E99B0 /* shangshe */,
				B6B8009F1AC9FA15007E99B0 /* xuexiao */,
				B6B800A11AC9FA15007E99B0 /* yundong */,
			);
			name = shashi;
			sourceTree = "<group>";
		};
		B60023E11ACB7351003E1165 /* jingzhou */ = {
			isa = PBXGroup;
			children = (
				B6B4B8011ACDEB83003A8E25 /* xuanmiaoguan */,
				B6B4B7FE1ACDEB77003A8E25 /* shangchang */,
				B6B4B7FB1ACDEB42003A8E25 /* kaiyuanguan */,
				B6B4B7E81ACDEB2A003A8E25 /* beidamen */,
			);
			name = jingzhou;
			sourceTree = "<group>";
		};
		B632E0F81AC83AB20075BD92 = {
			isa = PBXGroup;
			children = (
				B6C7C0D21AD3FFB700E69AC8 /* lscr.xib */,
				B6B8008A1AC9FA15007E99B0 /* Resources */,
				B60023DF1ACB719C003E1165 /* DataPersist */,
				B6B23C851AD05A7100E26A0D /* VCLaunchScreen */,
				B6DF47B21AC8C22A00ECD60E /* Frameworks */,
				B632E12B1AC83CD80075BD92 /* VCSelected */,
				B632E12A1AC83CB80075BD92 /* VCPictures */,
				B632E1031AC83AB20075BD92 /* PastePcitures */,
				B632E11D1AC83AB20075BD92 /* PastePcituresTests */,
				B632E1021AC83AB20075BD92 /* Products */,
			);
			sourceTree = "<group>";
		};
		B632E1021AC83AB20075BD92 /* Products */ = {
			isa = PBXGroup;
			children = (
				B632E1011AC83AB20075BD92 /* PastePcitures.app */,
				B632E11A1AC83AB20075BD92 /* PastePcituresTests.xctest */,
			);
			name = Products;
			sourceTree = "<group>";
		};
		B632E1031AC83AB20075BD92 /* PastePcitures */ = {
			isa = PBXGroup;
			children = (
				B632E1081AC83AB20075BD92 /* AppDelegate.h */,
				B632E1091AC83AB20075BD92 /* AppDelegate.m */,
				B632E10B1AC83AB20075BD92 /* ViewController.h */,
				B632E10C1AC83AB20075BD92 /* ViewController.m */,
				B632E10E1AC83AB20075BD92 /* Main.storyboard */,
				B632E1111AC83AB20075BD92 /* Images.xcassets */,
				B632E1041AC83AB20075BD92 /* Supporting Files */,
			);
			path = PastePcitures;
			sourceTree = "<group>";
		};
		B632E1041AC83AB20075BD92 /* Supporting Files */ = {
			isa = PBXGroup;
			children = (
				B632E1051AC83AB20075BD92 /* Info.plist */,
				B632E1061AC83AB20075BD92 /* main.m */,
			);
			name = "Supporting Files";
			sourceTree = "<group>";
		};
		B632E11D1AC83AB20075BD92 /* PastePcituresTests */ = {
			isa = PBXGroup;
			children = (
				B632E1201AC83AB20075BD92 /* PastePcituresTests.m */,
				B632E11E1AC83AB20075BD92 /* Supporting Files */,
			);
			path = PastePcituresTests;
			sourceTree = "<group>";
		};
		B632E11E1AC83AB20075BD92 /* Supporting Files */ = {
			isa = PBXGroup;
			children = (
				B632E11F1AC83AB20075BD92 /* Info.plist */,
			);
			name = "Supporting Files";
			sourceTree = "<group>";
		};
		B632E12A1AC83CB80075BD92 /* VCPictures */ = {
			isa = PBXGroup;
			children = (
				B632E12F1AC83D530075BD92 /* VCPictures.h */,
				B632E1301AC83D530075BD92 /* VCPictures.m */,
				B632E1311AC83D530075BD92 /* VCPictures.xib */,
				B6C54A871ACC918F00208D3D /* ViewInfo.h */,
				B6C54A881ACC918F00208D3D /* ViewInfo.m */,
				B6B4B83C1ACE0154003A8E25 /* ViewScrollImage.h */,
				B6B4B83D1ACE0154003A8E25 /* ViewScrollImage.m */,
			);
			name = VCPictures;
			sourceTree = "<group>";
		};
		B632E12B1AC83CD80075BD92 /* VCSelected */ = {
			isa = PBXGroup;
			children = (
				B632E1341AC83D7A0075BD92 /* VCSelected.h */,
				B632E1351AC83D7A0075BD92 /* VCSelected.m */,
				B6DF47A41AC8946000ECD60E /* VCSelected.xib */,
			);
			name = VCSelected;
			sourceTree = "<group>";
		};
		B6B23C851AD05A7100E26A0D /* VCLaunchScreen */ = {
			isa = PBXGroup;
			children = (
			);
			name = VCLaunchScreen;
			sourceTree = "<group>";
		};
		B6B4B7E81ACDEB2A003A8E25 /* beidamen */ = {
			isa = PBXGroup;
			children = (
				B6B4B7E91ACDEB3C003A8E25 /* jingzhou_beidamen1.jpg */,
				B6B4B7EA1ACDEB3C003A8E25 /* jingzhou_beidamen2.jpg */,
				B6B4B7EB1ACDEB3C003A8E25 /* jingzhou_beidamen3.jpg */,
				B6B4B7EC1ACDEB3C003A8E25 /* jingzhou_beidamen4.jpg */,
				B6B4B7ED1ACDEB3C003A8E25 /* jingzhou_beidamen5.jpg */,
				B6B4B7EE1ACDEB3C003A8E25 /* jingzhou_beidamen6.jpg */,
				B6B4B7EF1ACDEB3C003A8E25 /* jingzhou_beidamen7.jpg */,
				B6B4B7F01ACDEB3C003A8E25 /* jingzhou_beidamen8.jpg */,
				B6B4B7F11ACDEB3C003A8E25 /* jingzhou_beidamen9.jpg */,
			);
			name = beidamen;
			sourceTree = "<group>";
		};
		B6B4B7FB1ACDEB42003A8E25 /* kaiyuanguan */ = {
			isa = PBXGroup;
			children = (
				B6B4B7FC1ACDEB58003A8E25 /* jingzhou_kaiyuanguan1.jpg */,
			);
			name = kaiyuanguan;
			sourceTree = "<group>";
		};
		B6B4B7FE1ACDEB77003A8E25 /* shangchang */ = {
			isa = PBXGroup;
			children = (
				B6B4B7FF1ACDEB80003A8E25 /* jingzhou_shangchang1.jpg */,
			);
			name = shangchang;
			sourceTree = "<group>";
		};
		B6B4B8011ACDEB83003A8E25 /* xuanmiaoguan */ = {
			isa = PBXGroup;
			children = (
				B6B4B8021ACDEB9E003A8E25 /* jingzhou_xuanmiaoguan1.jpg */,
			);
			name = xuanmiaoguan;
			sourceTree = "<group>";
		};
		B6B8008A1AC9FA15007E99B0 /* Resources */ = {
			isa = PBXGroup;
			children = (
				B6C162411AD0D5AC00768FB8 /* icon-120.png */,
				B6B4B83A1ACDF351003A8E25 /* icon_btn_rtn.png */,
				B6B4B7E61ACDDABF003A8E25 /* icon.png */,
				B6C54A8A1ACCB19600208D3D /* HPublic.h */,
				B6DF47AE1AC8BCB200ECD60E /* UIButton */,
				B60023E11ACB7351003E1165 /* jingzhou */,
				B60023E01ACB733D003E1165 /* shashi */,
			);
			name = Resources;
			path = resources;
			sourceTree = "<group>";
		};
		B6B8008C1AC9FA15007E99B0 /* bianhe */ = {
			isa = PBXGroup;
			children = (
				B6B4B8041ACDEBF0003A8E25 /* shashi_bianhe1.jpg */,
				B6B4B8051ACDEBF0003A8E25 /* shashi_bianhe2.jpg */,
				B6B4B8061ACDEBF0003A8E25 /* shashi_bianhe3.jpg */,
			);
			path = bianhe;
			sourceTree = "<group>";
		};
		B6B800901AC9FA15007E99B0 /* gongyuan */ = {
			isa = PBXGroup;
			children = (
				B6B4B80A1ACDEC04003A8E25 /* shashi_gongyuan1.jpg */,
				B6B4B80B1ACDEC04003A8E25 /* shashi_gongyuan2.jpg */,
				B6B4B80C1ACDEC04003A8E25 /* shashi_gongyuan3.jpg */,
			);
			path = gongyuan;
			sourceTree = "<group>";
		};
		B6B800931AC9FA15007E99B0 /* jiangbian */ = {
			isa = PBXGroup;
			children = (
				B6B4B8101ACDEC44003A8E25 /* shashi_jiangbian1.jpg */,
				B6B4B8111ACDEC44003A8E25 /* shashi_jiangbian2.jpg */,
			);
			path = jiangbian;
			sourceTree = "<group>";
		};
		B6B800961AC9FA15007E99B0 /* jiexiang */ = {
			isa = PBXGroup;
			children = (
				B6B4B8141ACDEC9A003A8E25 /* shashi_jiexiang1.jpg */,
				B6B4B8151ACDEC9A003A8E25 /* shashi_jiexiang2.jpg */,
				B6B4B8161ACDEC9A003A8E25 /* shashi_jiexiang3.jpg */,
				B6B4B8171ACDEC9A003A8E25 /* shashi_jiexiang4.jpg */,
				B6B4B8181ACDEC9A003A8E25 /* shashi_jiexiang5.jpg */,
				B6B4B8191ACDEC9A003A8E25 /* shashi_jiexiang6.jpg */,
				B6B4B81A1ACDEC9A003A8E25 /* shashi_jiexiang7.jpg */,
				B6B4B81B1ACDEC9A003A8E25 /* shashi_jiexiang8.jpg */,
				B6B4B81C1ACDEC9A003A8E25 /* shashi_jiexiang9.jpg */,
			);
			path = jiexiang;
			sourceTree = "<group>";
		};
		B6B8009C1AC9FA15007E99B0 /* niaokan */ = {
			isa = PBXGroup;
			children = (
				B6B4B8261ACDECAD003A8E25 /* shashi_niaokan1.jpg */,
				B6B4B8271ACDECAD003A8E25 /* shashi_niaokan2.jpg */,
			);
			path = niaokan;
			sourceTree = "<group>";
		};
		B6B8009E1AC9FA15007E99B0 /* shangshe */ = {
			isa = PBXGroup;
			children = (
				B6B4B82C1ACDECF3003A8E25 /* shashi_shangshe1.jpg */,
				B6B4B82D1ACDECF3003A8E25 /* shashi_shangshe2.jpg */,
				B6B4B82E1ACDECF3003A8E25 /* shashi_shangshe3.jpg */,
				B6B4B82F1ACDECF3003A8E25 /* shashi_shangshe4.jpg */,
				B6B4B8301ACDECF3003A8E25 /* shashi_shangshe5.jpg */,
				B6B4B8311ACDECF3003A8E25 /* shashi_shangshe6.jpg */,
				B6B4B8321ACDECF3003A8E25 /* shashi_shangshe7.jpg */,
			);
			name = shangshe;
			path = shashang;
			sourceTree = "<group>";
		};
		B6B8009F1AC9FA15007E99B0 /* xuexiao */ = {
			isa = PBXGroup;
			children = (
				B6B4B82A1ACDECCA003A8E25 /* shashi_xuexiao1.jpg */,
			);
			path = xuexiao;
			sourceTree = "<group>";
		};
		B6B800A11AC9FA15007E99B0 /* yundong */ = {
			isa = PBXGroup;
			children = (
				B6B800A21AC9FA15007E99B0 /* shashi_yundong1.jpg */,
			);
			path = yundong;
			sourceTree = "<group>";
		};
		B6DF47AE1AC8BCB200ECD60E /* UIButton */ = {
			isa = PBXGroup;
			children = (
				B6DF47AF1AC8BEFE00ECD60E /* FeRippleButton.h */,
				B6DF47B01AC8BEFE00ECD60E /* FeRippleButton.m */,
				B6DF47AB1AC8BCAE00ECD60E /* FeBasicAnimationBlock.h */,
				B6DF47AC1AC8BCAE00ECD60E /* FeBasicAnimationBlock.m */,
			);
			name = UIButton;
			path = ..;
			sourceTree = "<group>";
		};
		B6DF47B21AC8C22A00ECD60E /* Frameworks */ = {
			isa = PBXGroup;
			children = (
				B6DF47B91AC8C3B500ECD60E /* QuartzCore.framework */,
				B6DF47B71AC8C35000ECD60E /* CoreGraphics.framework */,
				B6DF47B51AC8C34300ECD60E /* Foundation.framework */,
				B6DF47B31AC8C32400ECD60E /* UIKit.framework */,
			);
			name = Frameworks;
			sourceTree = "<group>";
		};
/* End PBXGroup section */

/* Begin PBXNativeTarget section */
		B632E1001AC83AB20075BD92 /* PastePcitures */ = {
			isa = PBXNativeTarget;
			buildConfigurationList = B632E1241AC83AB20075BD92 /* Build configuration list for PBXNativeTarget "PastePcitures" */;
			buildPhases = (
				B632E0FD1AC83AB20075BD92 /* Sources */,
				B632E0FE1AC83AB20075BD92 /* Frameworks */,
				B632E0FF1AC83AB20075BD92 /* Resources */,
			);
			buildRules = (
			);
			dependencies = (
			);
			name = PastePcitures;
			productName = PastePcitures;
			productReference = B632E1011AC83AB20075BD92 /* PastePcitures.app */;
			productType = "com.apple.product-type.application";
		};
		B632E1191AC83AB20075BD92 /* PastePcituresTests */ = {
			isa = PBXNativeTarget;
			buildConfigurationList = B632E1271AC83AB20075BD92 /* Build configuration list for PBXNativeTarget "PastePcituresTests" */;
			buildPhases = (
				B632E1161AC83AB20075BD92 /* Sources */,
				B632E1171AC83AB20075BD92 /* Frameworks */,
				B632E1181AC83AB20075BD92 /* Resources */,
			);
			buildRules = (
			);
			dependencies = (
				B632E11C1AC83AB20075BD92 /* PBXTargetDependency */,
			);
			name = PastePcituresTests;
			productName = PastePcituresTests;
			productReference = B632E11A1AC83AB20075BD92 /* PastePcituresTests.xctest */;
			productType = "com.apple.product-type.bundle.unit-test";
		};
/* End PBXNativeTarget section */

/* Begin PBXProject section */
		B632E0F91AC83AB20075BD92 /* Project object */ = {
			isa = PBXProject;
			attributes = {
				LastUpgradeCheck = 0620;
				ORGANIZATIONNAME = qwerzl;
				TargetAttributes = {
					B632E1001AC83AB20075BD92 = {
						CreatedOnToolsVersion = 6.2;
						DevelopmentTeam = LV9W69YMCC;
					};
					B632E1191AC83AB20075BD92 = {
						CreatedOnToolsVersion = 6.2;
						DevelopmentTeam = LV9W69YMCC;
						TestTargetID = B632E1001AC83AB20075BD92;
					};
				};
			};
			buildConfigurationList = B632E0FC1AC83AB20075BD92 /* Build configuration list for PBXProject "PastePcitures" */;
			compatibilityVersion = "Xcode 3.2";
			developmentRegion = English;
			hasScannedForEncodings = 0;
			knownRegions = (
				en,
				Base,
			);
			mainGroup = B632E0F81AC83AB20075BD92;
			productRefGroup = B632E1021AC83AB20075BD92 /* Products */;
			projectDirPath = "";
			projectRoot = "";
			targets = (
				B632E1001AC83AB20075BD92 /* PastePcitures */,
				B632E1191AC83AB20075BD92 /* PastePcituresTests */,
			);
		};
/* End PBXProject section */

/* Begin PBXResourcesBuildPhase section */
		B632E0FF1AC83AB20075BD92 /* Resources */ = {
			isa = PBXResourcesBuildPhase;
			buildActionMask = 2147483647;
			files = (
				B6B4B7FA1ACDEB3C003A8E25 /* jingzhou_beidamen9.jpg in Resources */,
				B6B4B7F61ACDEB3C003A8E25 /* jingzhou_beidamen5.jpg in Resources */,
				B6B23C7A1ACFFD6000E26A0D /* Chinese2English.plist in Resources */,
				B6B4B7F41ACDEB3C003A8E25 /* jingzhou_beidamen3.jpg in Resources */,
				B6B4B81E1ACDEC9A003A8E25 /* shashi_jiexiang2.jpg in Resources */,
				B6B4B8291ACDECAD003A8E25 /* shashi_niaokan2.jpg in Resources */,
				B6B4B8341ACDECF3003A8E25 /* shashi_shangshe2.jpg in Resources */,
				B6B4B8001ACDEB80003A8E25 /* jingzhou_shangchang1.jpg in Resources */,
				B6B4B81F1ACDEC9A003A8E25 /* shashi_jiexiang3.jpg in Resources */,
				B6B4B80D1ACDEC04003A8E25 /* shashi_gongyuan1.jpg in Resources */,
				B6B4B8391ACDECF3003A8E25 /* shashi_shangshe7.jpg in Resources */,
				B6B4B7F21ACDEB3C003A8E25 /* jingzhou_beidamen1.jpg in Resources */,
				B6B4B8251ACDEC9A003A8E25 /* shashi_jiexiang9.jpg in Resources */,
				B6B4B80F1ACDEC04003A8E25 /* shashi_gongyuan3.jpg in Resources */,
				B6DF47A71AC89E4B00ECD60E /* Dis2Sce2Pic.plist in Resources */,
				B6B4B8381ACDECF3003A8E25 /* shashi_shangshe6.jpg in Resources */,
				B6B4B8351ACDECF3003A8E25 /* shashi_shangshe3.jpg in Resources */,
				B6B4B7F51ACDEB3C003A8E25 /* jingzhou_beidamen4.jpg in Resources */,
				B6B4B8031ACDEB9E003A8E25 /* jingzhou_xuanmiaoguan1.jpg in Resources */,
				B632E1101AC83AB20075BD92 /* Main.storyboard in Resources */,
				B6B4B7FD1ACDEB58003A8E25 /* jingzhou_kaiyuanguan1.jpg in Resources */,
				B6B4B8331ACDECF3003A8E25 /* shashi_shangshe1.jpg in Resources */,
				B6B4B8131ACDEC44003A8E25 /* shashi_jiangbian2.jpg in Resources */,
				B6B23C871AD068DA00E26A0D /* PicMetaData.plist in Resources */,
				B6B4B7F91ACDEB3C003A8E25 /* jingzhou_beidamen8.jpg in Resources */,
				B6B4B8091ACDEBF0003A8E25 /* shashi_bianhe3.jpg in Resources */,
				B6B4B83B1ACDF351003A8E25 /* icon_btn_rtn.png in Resources */,
				B6DF47A51AC8946000ECD60E /* VCSelected.xib in Resources */,
				B6B4B8211ACDEC9A003A8E25 /* shashi_jiexiang5.jpg in Resources */,
				B6B4B8241ACDEC9A003A8E25 /* shashi_jiexiang8.jpg in Resources */,
				B6B4B8371ACDECF3003A8E25 /* shashi_shangshe5.jpg in Resources */,
				B6B4B7F31ACDEB3C003A8E25 /* jingzhou_beidamen2.jpg in Resources */,
				B6B4B8081ACDEBF0003A8E25 /* shashi_bianhe2.jpg in Resources */,
				B6B4B8221ACDEC9A003A8E25 /* shashi_jiexiang6.jpg in Resources */,
				B6C162421AD0D5AC00768FB8 /* icon-120.png in Resources */,
				B6B4B81D1ACDEC9A003A8E25 /* shashi_jiexiang1.jpg in Resources */,
				B6B4B7E71ACDDABF003A8E25 /* icon.png in Resources */,
				B6B4B7F71ACDEB3C003A8E25 /* jingzhou_beidamen6.jpg in Resources */,
				B6B4B8071ACDEBF0003A8E25 /* shashi_bianhe1.jpg in Resources */,
				B6B4B80E1ACDEC04003A8E25 /* shashi_gongyuan2.jpg in Resources */,
				B6B4B8121ACDEC44003A8E25 /* shashi_jiangbian1.jpg in Resources */,
				B6B4B8201ACDEC9A003A8E25 /* shashi_jiexiang4.jpg in Resources */,
				B6B4B8281ACDECAD003A8E25 /* shashi_niaokan1.jpg in Resources */,
				B6B4B7F81ACDEB3C003A8E25 /* jingzhou_beidamen7.jpg in Resources */,
				B6B4B8231ACDEC9A003A8E25 /* shashi_jiexiang7.jpg in Resources */,
				B6B4B8361ACDECF3003A8E25 /* shashi_shangshe4.jpg in Resources */,
				B6B800B21AC9FA15007E99B0 /* shashi_yundong1.jpg in Resources */,
				B6C7C0D31AD3FFB700E69AC8 /* lscr.xib in Resources */,
				B6B4B82B1ACDECCA003A8E25 /* shashi_xuexiao1.jpg in Resources */,
				B632E1121AC83AB20075BD92 /* Images.xcassets in Resources */,
				B632E1331AC83D530075BD92 /* VCPictures.xib in Resources */,
			);
			runOnlyForDeploymentPostprocessing = 0;
		};
		B632E1181AC83AB20075BD92 /* Resources */ = {
			isa = PBXResourcesBuildPhase;
			buildActionMask = 2147483647;
			files = (
			);
			runOnlyForDeploymentPostprocessing = 0;
		};
/* End PBXResourcesBuildPhase section */

/* Begin PBXSourcesBuildPhase section */
		B632E0FD1AC83AB20075BD92 /* Sources */ = {
			isa = PBXSourcesBuildPhase;
			buildActionMask = 2147483647;
			files = (
				B6DF47A31AC853F000ECD60E /* CDataReader.m in Sources */,
				B6C54A891ACC918F00208D3D /* ViewInfo.m in Sources */,
				B632E1321AC83D530075BD92 /* VCPictures.m in Sources */,
				B6DF47AD1AC8BCAE00ECD60E /* FeBasicAnimationBlock.m in Sources */,
				B632E10D1AC83AB20075BD92 /* ViewController.m in Sources */,
				B6B4B83E1ACE0154003A8E25 /* ViewScrollImage.m in Sources */,
				B6DF47B11AC8BEFE00ECD60E /* FeRippleButton.m in Sources */,
				B632E1371AC83D7A0075BD92 /* VCSelected.m in Sources */,
				B632E10A1AC83AB20075BD92 /* AppDelegate.m in Sources */,
				B632E1071AC83AB20075BD92 /* main.m in Sources */,
			);
			runOnlyForDeploymentPostprocessing = 0;
		};
		B632E1161AC83AB20075BD92 /* Sources */ = {
			isa = PBXSourcesBuildPhase;
			buildActionMask = 2147483647;
			files = (
				B632E1211AC83AB20075BD92 /* PastePcituresTests.m in Sources */,
			);
			runOnlyForDeploymentPostprocessing = 0;
		};
/* End PBXSourcesBuildPhase section */

/* Begin PBXTargetDependency section */
		B632E11C1AC83AB20075BD92 /* PBXTargetDependency */ = {
			isa = PBXTargetDependency;
			target = B632E1001AC83AB20075BD92 /* PastePcitures */;
			targetProxy = B632E11B1AC83AB20075BD92 /* PBXContainerItemProxy */;
		};
/* End PBXTargetDependency section */

/* Begin PBXVariantGroup section */
		B632E10E1AC83AB20075BD92 /* Main.storyboard */ = {
			isa = PBXVariantGroup;
			children = (
				B632E10F1AC83AB20075BD92 /* Base */,
			);
			name = Main.storyboard;
			sourceTree = "<group>";
		};
/* End PBXVariantGroup section */

/* Begin XCBuildConfiguration section */
		B632E1221AC83AB20075BD92 /* Debug */ = {
			isa = XCBuildConfiguration;
			buildSettings = {
				ALWAYS_SEARCH_USER_PATHS = NO;
				ASSETCATALOG_COMPILER_APPICON_NAME = icon.png;
				ASSETCATALOG_COMPILER_LAUNCHIMAGE_NAME = "";
				CLANG_CXX_LANGUAGE_STANDARD = "gnu++0x";
				CLANG_CXX_LIBRARY = "libc++";
				CLANG_ENABLE_MODULES = YES;
				CLANG_ENABLE_OBJC_ARC = YES;
				CLANG_WARN_BOOL_CONVERSION = YES;
				CLANG_WARN_CONSTANT_CONVERSION = YES;
				CLANG_WARN_DIRECT_OBJC_ISA_USAGE = YES_ERROR;
				CLANG_WARN_EMPTY_BODY = YES;
				CLANG_WARN_ENUM_CONVERSION = YES;
				CLANG_WARN_INT_CONVERSION = YES;
				CLANG_WARN_OBJC_ROOT_CLASS = YES_ERROR;
				CLANG_WARN_UNREACHABLE_CODE = YES;
				CLANG_WARN__DUPLICATE_METHOD_MATCH = YES;
				CODE_SIGN_IDENTITY = "iPhone Developer: lin zhu (Y4MH57KEA8)";
				"CODE_SIGN_IDENTITY[sdk=iphoneos*]" = "iPhone Developer";
				COPY_PHASE_STRIP = NO;
				ENABLE_STRICT_OBJC_MSGSEND = YES;
				GCC_C_LANGUAGE_STANDARD = gnu99;
				GCC_DYNAMIC_NO_PIC = NO;
				GCC_OPTIMIZATION_LEVEL = 0;
				GCC_PREPROCESSOR_DEFINITIONS = (
					"DEBUG=1",
					"$(inherited)",
				);
				GCC_SYMBOLS_PRIVATE_EXTERN = NO;
				GCC_WARN_64_TO_32_BIT_CONVERSION = YES;
				GCC_WARN_ABOUT_RETURN_TYPE = YES_ERROR;
				GCC_WARN_UNDECLARED_SELECTOR = YES;
				GCC_WARN_UNINITIALIZED_AUTOS = YES_AGGRESSIVE;
				GCC_WARN_UNUSED_FUNCTION = YES;
				GCC_WARN_UNUSED_VARIABLE = YES;
				IPHONEOS_DEPLOYMENT_TARGET = 7.0;
				MTL_ENABLE_DEBUG_INFO = YES;
				ONLY_ACTIVE_ARCH = YES;
				PROVISIONING_PROFILE = "75f31955-7787-4922-a94b-968ab5226d97";
				SDKROOT = iphoneos;
			};
			name = Debug;
		};
		B632E1231AC83AB20075BD92 /* Release */ = {
			isa = XCBuildConfiguration;
			buildSettings = {
				ALWAYS_SEARCH_USER_PATHS = NO;
				ASSETCATALOG_COMPILER_APPICON_NAME = icon.png;
				ASSETCATALOG_COMPILER_LAUNCHIMAGE_NAME = "";
				CLANG_CXX_LANGUAGE_STANDARD = "gnu++0x";
				CLANG_CXX_LIBRARY = "libc++";
				CLANG_ENABLE_MODULES = YES;
				CLANG_ENABLE_OBJC_ARC = YES;
				CLANG_WARN_BOOL_CONVERSION = YES;
				CLANG_WARN_CONSTANT_CONVERSION = YES;
				CLANG_WARN_DIRECT_OBJC_ISA_USAGE = YES_ERROR;
				CLANG_WARN_EMPTY_BODY = YES;
				CLANG_WARN_ENUM_CONVERSION = YES;
				CLANG_WARN_INT_CONVERSION = YES;
				CLANG_WARN_OBJC_ROOT_CLASS = YES_ERROR;
				CLANG_WARN_UNREACHABLE_CODE = YES;
				CLANG_WARN__DUPLICATE_METHOD_MATCH = YES;
				CODE_SIGN_IDENTITY = "iPhone Developer: lin zhu (Y4MH57KEA8)";
				"CODE_SIGN_IDENTITY[sdk=iphoneos*]" = "iPhone Developer";
				COPY_PHASE_STRIP = NO;
				ENABLE_NS_ASSERTIONS = NO;
				ENABLE_STRICT_OBJC_MSGSEND = YES;
				GCC_C_LANGUAGE_STANDARD = gnu99;
				GCC_WARN_64_TO_32_BIT_CONVERSION = YES;
				GCC_WARN_ABOUT_RETURN_TYPE = YES_ERROR;
				GCC_WARN_UNDECLARED_SELECTOR = YES;
				GCC_WARN_UNINITIALIZED_AUTOS = YES_AGGRESSIVE;
				GCC_WARN_UNUSED_FUNCTION = YES;
				GCC_WARN_UNUSED_VARIABLE = YES;
				IPHONEOS_DEPLOYMENT_TARGET = 7.0;
				MTL_ENABLE_DEBUG_INFO = NO;
				PROVISIONING_PROFILE = "75f31955-7787-4922-a94b-968ab5226d97";
				SDKROOT = iphoneos;
				VALIDATE_PRODUCT = YES;
			};
			name = Release;
		};
		B632E1251AC83AB20075BD92 /* Debug */ = {
			isa = XCBuildConfiguration;
			buildSettings = {
				ASSETCATALOG_COMPILER_APPICON_NAME = AppIcon;
				CODE_SIGN_IDENTITY = "iPhone Developer";
				"CODE_SIGN_IDENTITY[sdk=iphoneos*]" = "iPhone Developer";
				INFOPLIST_FILE = PastePcitures/Info.plist;
				IPHONEOS_DEPLOYMENT_TARGET = 8.2;
				LD_RUNPATH_SEARCH_PATHS = "$(inherited) @executable_path/Frameworks";
				PRODUCT_NAME = "$(TARGET_NAME)";
				PROVISIONING_PROFILE = "";
			};
			name = Debug;
		};
		B632E1261AC83AB20075BD92 /* Release */ = {
			isa = XCBuildConfiguration;
			buildSettings = {
				ASSETCATALOG_COMPILER_APPICON_NAME = AppIcon;
				CODE_SIGN_IDENTITY = "iPhone Developer";
				"CODE_SIGN_IDENTITY[sdk=iphoneos*]" = "iPhone Developer";
				INFOPLIST_FILE = PastePcitures/Info.plist;
				IPHONEOS_DEPLOYMENT_TARGET = 8.2;
				LD_RUNPATH_SEARCH_PATHS = "$(inherited) @executable_path/Frameworks";
				PRODUCT_NAME = "$(TARGET_NAME)";
				PROVISIONING_PROFILE = "";
			};
			name = Release;
		};
		B632E1281AC83AB20075BD92 /* Debug */ = {
			isa = XCBuildConfiguration;
			buildSettings = {
				BUNDLE_LOADER = "$(TEST_HOST)";
				CODE_SIGN_IDENTITY = "iPhone Developer";
				"CODE_SIGN_IDENTITY[sdk=iphoneos*]" = "iPhone Developer";
				FRAMEWORK_SEARCH_PATHS = (
					"$(SDKROOT)/Developer/Library/Frameworks",
					"$(inherited)",
				);
				GCC_PREPROCESSOR_DEFINITIONS = (
					"DEBUG=1",
					"$(inherited)",
				);
				INFOPLIST_FILE = PastePcituresTests/Info.plist;
				LD_RUNPATH_SEARCH_PATHS = "$(inherited) @executable_path/Frameworks @loader_path/Frameworks";
				PRODUCT_NAME = "$(TARGET_NAME)";
				PROVISIONING_PROFILE = "";
				TEST_HOST = "$(BUILT_PRODUCTS_DIR)/PastePcitures.app/PastePcitures";
			};
			name = Debug;
		};
		B632E1291AC83AB20075BD92 /* Release */ = {
			isa = XCBuildConfiguration;
			buildSettings = {
				BUNDLE_LOADER = "$(TEST_HOST)";
				CODE_SIGN_IDENTITY = "iPhone Developer";
				"CODE_SIGN_IDENTITY[sdk=iphoneos*]" = "iPhone Developer";
				FRAMEWORK_SEARCH_PATHS = (
					"$(SDKROOT)/Developer/Library/Frameworks",
					"$(inherited)",
				);
				INFOPLIST_FILE = PastePcituresTests/Info.plist;
				LD_RUNPATH_SEARCH_PATHS = "$(inherited) @executable_path/Frameworks @loader_path/Frameworks";
				PRODUCT_NAME = "$(TARGET_NAME)";
				PROVISIONING_PROFILE = "";
				TEST_HOST = "$(BUILT_PRODUCTS_DIR)/PastePcitures.app/PastePcitures";
			};
			name = Release;
		};
/* End XCBuildConfiguration section */

/* Begin XCConfigurationList section */
		B632E0FC1AC83AB20075BD92 /* Build configuration list for PBXProject "PastePcitures" */ = {
			isa = XCConfigurationList;
			buildConfigurations = (
				B632E1221AC83AB20075BD92 /* Debug */,
				B632E1231AC83AB20075BD92 /* Release */,
			);
			defaultConfigurationIsVisible = 0;
			defaultConfigurationName = Release;
		};
		B632E1241AC83AB20075BD92 /* Build configuration list for PBXNativeTarget "PastePcitures" */ = {
			isa = XCConfigurationList;
			buildConfigurations = (
				B632E1251AC83AB20075BD92 /* Debug */,
				B632E1261AC83AB20075BD92 /* Release */,
			);
			defaultConfigurationIsVisible = 0;
			defaultConfigurationName = Release;
		};
		B632E1271AC83AB20075BD92 /* Build configuration list for PBXNativeTarget "PastePcituresTests" */ = {
			isa = XCConfigurationList;
			buildConfigurations = (
				B632E1281AC83AB20075BD92 /* Debug */,
				B632E1291AC83AB20075BD92 /* Release */,
			);
			defaultConfigurationIsVisible = 0;
			defaultConfigurationName = Release;
		};
/* End XCConfigurationList section */
	};
	rootObject = B632E0F91AC83AB20075BD92 /* Project object */;
}
